
Microsoft Visual Studio Solution File, Format Version 12.00
# Visual Studio 15
VisualStudioVersion = 15.0.26730.10
MinimumVisualStudioVersion = 10.0.40219.1
Project("{FAE04EC0-301F-11D3-BF4B-00C04F79EFBC}") = "WebApplication1", "WebApplication1\WebApplication1.csproj", "{A376F86B-0793-4517-98C1-7F0BEC2B7BDB}"
EndProject
Project("{FAE04EC0-301F-11D3-BF4B-00C04F79EFBC}") = "LunchAgentService", "LunchAgentService\LunchAgentService.csproj", "{58B9709E-DD1C-414C-A2A1-F75515CA2223}"
EndProject
Global
	GlobalSection(SolutionConfigurationPlatforms) = preSolution
		Debug|Any CPU = Debug|Any CPU
		Release|Any CPU = Release|Any CPU
	EndGlobalSection
	GlobalSection(ProjectConfigurationPlatforms) = postSolution
		{A376F86B-0793-4517-98C1-7F0BEC2B7BDB}.Debug|Any CPU.ActiveCfg = Debug|Any CPU
		{A376F86B-0793-4517-98C1-7F0BEC2B7BDB}.Debug|Any CPU.Build.0 = Debug|Any CPU
		{A376F86B-0793-4517-98C1-7F0BEC2B7BDB}.Release|Any CPU.ActiveCfg = Release|Any CPU
		{A376F86B-0793-4517-98C1-7F0BEC2B7BDB}.Release|Any CPU.Build.0 = Release|Any CPU
		{58B9709E-DD1C-414C-A2A1-F75515CA2223}.Debug|Any CPU.ActiveCfg = Debug|Any CPU
		{58B9709E-DD1C-414C-A2A1-F75515CA2223}.Debug|Any CPU.Build.0 = Debug|Any CPU
		{58B9709E-DD1C-414C-A2A1-F75515CA2223}.Release|Any CPU.ActiveCfg = Release|Any CPU
		{58B9709E-DD1C-414C-A2A1-F75515CA2223}.Release|Any CPU.Build.0 = Release|Any CPU
	EndGlobalSection
	GlobalSection(SolutionProperties) = preSolution
		HideSolutionNode = FALSE
	EndGlobalSection
	GlobalSection(ExtensibilityGlobals) = postSolution
		SolutionGuid = {0748DA88-6AA0-48B2-803D-440B8A49E5B4}
	EndGlobalSection
EndGlobal
